// !$*UTF8*$!
{
	archiveVersion = 1;
	classes = {
	};
	objectVersion = 50;
	objects = {

/* Begin PBXBuildFile section */
		2A5C281D24B5D39F006FBBD5 /* AppDelegate.swift in Sources */ = {isa = PBXBuildFile; fileRef = 2A5C281C24B5D39F006FBBD5 /* AppDelegate.swift */; };
		2A5C281F24B5D39F006FBBD5 /* SceneDelegate.swift in Sources */ = {isa = PBXBuildFile; fileRef = 2A5C281E24B5D39F006FBBD5 /* SceneDelegate.swift */; };
		2A5C282124B5D39F006FBBD5 /* ViewController.swift in Sources */ = {isa = PBXBuildFile; fileRef = 2A5C282024B5D39F006FBBD5 /* ViewController.swift */; };
		2A5C282424B5D39F006FBBD5 /* Main.storyboard in Resources */ = {isa = PBXBuildFile; fileRef = 2A5C282224B5D39F006FBBD5 /* Main.storyboard */; };
		2A5C282624B5D3A3006FBBD5 /* Assets.xcassets in Resources */ = {isa = PBXBuildFile; fileRef = 2A5C282524B5D3A3006FBBD5 /* Assets.xcassets */; };
		2A5C282924B5D3A3006FBBD5 /* LaunchScreen.storyboard in Resources */ = {isa = PBXBuildFile; fileRef = 2A5C282724B5D3A3006FBBD5 /* LaunchScreen.storyboard */; };
		2A5C283424B5D3A3006FBBD5 /* User_Registration_Unit_Testing_Tests.swift in Sources */ = {isa = PBXBuildFile; fileRef = 2A5C283324B5D3A3006FBBD5 /* User_Registration_Unit_Testing_Tests.swift */; };
/* End PBXBuildFile section */

/* Begin PBXContainerItemProxy section */
		2A5C283024B5D3A3006FBBD5 /* PBXContainerItemProxy */ = {
			isa = PBXContainerItemProxy;
			containerPortal = 2A5C281124B5D39F006FBBD5 /* Project object */;
			proxyType = 1;
			remoteGlobalIDString = 2A5C281824B5D39F006FBBD5;
			remoteInfo = "User Registration(Unit Testing)";
		};
/* End PBXContainerItemProxy section */

/* Begin PBXFileReference section */
		2A5C281924B5D39F006FBBD5 /* User Registration(Unit Testing).app */ = {isa = PBXFileReference; explicitFileType = wrapper.application; includeInIndex = 0; path = "User Registration(Unit Testing).app"; sourceTree = BUILT_PRODUCTS_DIR; };
		2A5C281C24B5D39F006FBBD5 /* AppDelegate.swift */ = {isa = PBXFileReference; lastKnownFileType = sourcecode.swift; path = AppDelegate.swift; sourceTree = "<group>"; };
		2A5C281E24B5D39F006FBBD5 /* SceneDelegate.swift */ = {isa = PBXFileReference; lastKnownFileType = sourcecode.swift; path = SceneDelegate.swift; sourceTree = "<group>"; };
		2A5C282024B5D39F006FBBD5 /* ViewController.swift */ = {isa = PBXFileReference; lastKnownFileType = sourcecode.swift; path = ViewController.swift; sourceTree = "<group>"; };
		2A5C282324B5D39F006FBBD5 /* Base */ = {isa = PBXFileReference; lastKnownFileType = file.storyboard; name = Base; path = Base.lproj/Main.storyboard; sourceTree = "<group>"; };
		2A5C282524B5D3A3006FBBD5 /* Assets.xcassets */ = {isa = PBXFileReference; lastKnownFileType = folder.assetcatalog; path = Assets.xcassets; sourceTree = "<group>"; };
		2A5C282824B5D3A3006FBBD5 /* Base */ = {isa = PBXFileReference; lastKnownFileType = file.storyboard; name = Base; path = Base.lproj/LaunchScreen.storyboard; sourceTree = "<group>"; };
		2A5C282A24B5D3A3006FBBD5 /* Info.plist */ = {isa = PBXFileReference; lastKnownFileType = text.plist.xml; path = Info.plist; sourceTree = "<group>"; };
		2A5C282F24B5D3A3006FBBD5 /* User Registration(Unit Testing)Tests.xctest */ = {isa = PBXFileReference; explicitFileType = wrapper.cfbundle; includeInIndex = 0; path = "User Registration(Unit Testing)Tests.xctest"; sourceTree = BUILT_PRODUCTS_DIR; };
		2A5C283324B5D3A3006FBBD5 /* User_Registration_Unit_Testing_Tests.swift */ = {isa = PBXFileReference; lastKnownFileType = sourcecode.swift; path = User_Registration_Unit_Testing_Tests.swift; sourceTree = "<group>"; };
		2A5C283524B5D3A3006FBBD5 /* Info.plist */ = {isa = PBXFileReference; lastKnownFileType = text.plist.xml; path = Info.plist; sourceTree = "<group>"; };
/* End PBXFileReference section */

/* Begin PBXFrameworksBuildPhase section */
		2A5C281624B5D39F006FBBD5 /* Frameworks */ = {
			isa = PBXFrameworksBuildPhase;
			buildActionMask = 2147483647;
			files = (
			);
			runOnlyForDeploymentPostprocessing = 0;
		};
		2A5C282C24B5D3A3006FBBD5 /* Frameworks */ = {
			isa = PBXFrameworksBuildPhase;
			buildActionMask = 2147483647;
			files = (
			);
			runOnlyForDeploymentPostprocessing = 0;
		};
/* End PBXFrameworksBuildPhase section */

/* Begin PBXGroup section */
		2A5C281024B5D39F006FBBD5 = {
			isa = PBXGroup;
			children = (
				2A5C281B24B5D39F006FBBD5 /* User Registration(Unit Testing) */,
				2A5C283224B5D3A3006FBBD5 /* User Registration(Unit Testing)Tests */,
				2A5C281A24B5D39F006FBBD5 /* Products */,
			);
			sourceTree = "<group>";
		};
		2A5C281A24B5D39F006FBBD5 /* Products */ = {
			isa = PBXGroup;
			children = (
				2A5C281924B5D39F006FBBD5 /* User Registration(Unit Testing).app */,
				2A5C282F24B5D3A3006FBBD5 /* User Registration(Unit Testing)Tests.xctest */,
			);
			name = Products;
			sourceTree = "<group>";
		};
		2A5C281B24B5D39F006FBBD5 /* User Registration(Unit Testing) */ = {
			isa = PBXGroup;
			children = (
				2A5C281C24B5D39F006FBBD5 /* AppDelegate.swift */,
				2A5C281E24B5D39F006FBBD5 /* SceneDelegate.swift */,
				2A5C282024B5D39F006FBBD5 /* ViewController.swift */,
				2A5C282224B5D39F006FBBD5 /* Main.storyboard */,
				2A5C282524B5D3A3006FBBD5 /* Assets.xcassets */,
				2A5C282724B5D3A3006FBBD5 /* LaunchScreen.storyboard */,
				2A5C282A24B5D3A3006FBBD5 /* Info.plist */,
			);
			path = "User Registration(Unit Testing)";
			sourceTree = "<group>";
		};
		2A5C283224B5D3A3006FBBD5 /* User Registration(Unit Testing)Tests */ = {
			isa = PBXGroup;
			children = (
				2A5C283324B5D3A3006FBBD5 /* User_Registration_Unit_Testing_Tests.swift */,
				2A5C283524B5D3A3006FBBD5 /* Info.plist */,
			);
			path = "User Registration(Unit Testing)Tests";
			sourceTree = "<group>";
		};
/* End PBXGroup section */

/* Begin PBXNativeTarget section */
		2A5C281824B5D39F006FBBD5 /* User Registration(Unit Testing) */ = {
			isa = PBXNativeTarget;
			buildConfigurationList = 2A5C283824B5D3A3006FBBD5 /* Build configuration list for PBXNativeTarget "User Registration(Unit Testing)" */;
			buildPhases = (
				2A5C281524B5D39F006FBBD5 /* Sources */,
				2A5C281624B5D39F006FBBD5 /* Frameworks */,
				2A5C281724B5D39F006FBBD5 /* Resources */,
			);
			buildRules = (
			);
			dependencies = (
			);
			name = "User Registration(Unit Testing)";
			productName = "User Registration(Unit Testing)";
			productReference = 2A5C281924B5D39F006FBBD5 /* User Registration(Unit Testing).app */;
			productType = "com.apple.product-type.application";
		};
		2A5C282E24B5D3A3006FBBD5 /* User Registration(Unit Testing)Tests */ = {
			isa = PBXNativeTarget;
			buildConfigurationList = 2A5C283B24B5D3A3006FBBD5 /* Build configuration list for PBXNativeTarget "User Registration(Unit Testing)Tests" */;
			buildPhases = (
				2A5C282B24B5D3A3006FBBD5 /* Sources */,
				2A5C282C24B5D3A3006FBBD5 /* Frameworks */,
				2A5C282D24B5D3A3006FBBD5 /* Resources */,
			);
			buildRules = (
			);
			dependencies = (
				2A5C283124B5D3A3006FBBD5 /* PBXTargetDependency */,
			);
			name = "User Registration(Unit Testing)Tests";
			productName = "User Registration(Unit Testing)Tests";
			productReference = 2A5C282F24B5D3A3006FBBD5 /* User Registration(Unit Testing)Tests.xctest */;
			productType = "com.apple.product-type.bundle.unit-test";
		};
/* End PBXNativeTarget section */

/* Begin PBXProject section */
		2A5C281124B5D39F006FBBD5 /* Project object */ = {
			isa = PBXProject;
			attributes = {
				LastSwiftUpdateCheck = 1110;
				LastUpgradeCheck = 1110;
				ORGANIZATIONNAME = "Md Khaled Hasan Manna";
				TargetAttributes = {
					2A5C281824B5D39F006FBBD5 = {
						CreatedOnToolsVersion = 11.1;
					};
					2A5C282E24B5D3A3006FBBD5 = {
						CreatedOnToolsVersion = 11.1;
						TestTargetID = 2A5C281824B5D39F006FBBD5;
					};
				};
			};
			buildConfigurationList = 2A5C281424B5D39F006FBBD5 /* Build configuration list for PBXProject "User Registration(Unit Testing)" */;
			compatibilityVersion = "Xcode 9.3";
			developmentRegion = en;
			hasScannedForEncodings = 0;
			knownRegions = (
				en,
				Base,
			);
			mainGroup = 2A5C281024B5D39F006FBBD5;
			productRefGroup = 2A5C281A24B5D39F006FBBD5 /* Products */;
			projectDirPath = "";
			projectRoot = "";
			targets = (
				2A5C281824B5D39F006FBBD5 /* User Registration(Unit Testing) */,
				2A5C282E24B5D3A3006FBBD5 /* User Registration(Unit Testing)Tests */,
			);
		};
/* End PBXProject section */

/* Begin PBXResourcesBuildPhase section */
		2A5C281724B5D39F006FBBD5 /* Resources */ = {
			isa = PBXResourcesBuildPhase;
			buildActionMask = 2147483647;
			files = (
				2A5C282924B5D3A3006FBBD5 /* LaunchScreen.storyboard in Resources */,
				2A5C282624B5D3A3006FBBD5 /* Assets.xcassets in Resources */,
				2A5C282424B5D39F006FBBD5 /* Main.storyboard in Resources */,
			);
			runOnlyForDeploymentPostprocessing = 0;
		};
		2A5C282D24B5D3A3006FBBD5 /* Resources */ = {
			isa = PBXResourcesBuildPhase;
			buildActionMask = 2147483647;
			files = (
			);
			runOnlyForDeploymentPostprocessing = 0;
		};
/* End PBXResourcesBuildPhase section */

/* Begin PBXSourcesBuildPhase section */
		2A5C281524B5D39F006FBBD5 /* Sources */ = {
			isa = PBXSourcesBuildPhase;
			buildActionMask = 2147483647;
			files = (
				2A5C282124B5D39F006FBBD5 /* ViewController.swift in Sources */,
				2A5C281D24B5D39F006FBBD5 /* AppDelegate.swift in Sources */,
				2A5C281F24B5D39F006FBBD5 /* SceneDelegate.swift in Sources */,
			);
			runOnlyForDeploymentPostprocessing = 0;
		};
		2A5C282B24B5D3A3006FBBD5 /* Sources */ = {
			isa = PBXSourcesBuildPhase;
			buildActionMask = 2147483647;
			files = (
				2A5C283424B5D3A3006FBBD5 /* User_Registration_Unit_Testing_Tests.swift in Sources */,
			);
			runOnlyForDeploymentPostprocessing = 0;
		};
/* End PBXSourcesBuildPhase section */

/* Begin PBXTargetDependency section */
		2A5C283124B5D3A3006FBBD5 /* PBXTargetDependency */ = {
			isa = PBXTargetDependency;
			target = 2A5C281824B5D39F006FBBD5 /* User Registration(Unit Testing) */;
			targetProxy = 2A5C283024B5D3A3006FBBD5 /* PBXContainerItemProxy */;
		};
/* End PBXTargetDependency section */

/* Begin PBXVariantGroup section */
		2A5C282224B5D39F006FBBD5 /* Main.storyboard */ = {
			isa = PBXVariantGroup;
			children = (
				2A5C282324B5D39F006FBBD5 /* Base */,
			);
			name = Main.storyboard;
			sourceTree = "<group>";
		};
		2A5C282724B5D3A3006FBBD5 /* LaunchScreen.storyboard */ = {
			isa = PBXVariantGroup;
			children = (
				2A5C282824B5D3A3006FBBD5 /* Base */,
			);
			name = LaunchScreen.storyboard;
			sourceTree = "<group>";
		};
/* End PBXVariantGroup section */

/* Begin XCBuildConfiguration section */
		2A5C283624B5D3A3006FBBD5 /* Debug */ = {
			isa = XCBuildConfiguration;
			buildSettings = {
				ALWAYS_SEARCH_USER_PATHS = NO;
				CLANG_ANALYZER_NONNULL = YES;
				CLANG_ANALYZER_NUMBER_OBJECT_CONVERSION = YES_AGGRESSIVE;
				CLANG_CXX_LANGUAGE_STANDARD = "gnu++14";
				CLANG_CXX_LIBRARY = "libc++";
				CLANG_ENABLE_MODULES = YES;
				CLANG_ENABLE_OBJC_ARC = YES;
				CLANG_ENABLE_OBJC_WEAK = YES;
				CLANG_WARN_BLOCK_CAPTURE_AUTORELEASING = YES;
				CLANG_WARN_BOOL_CONVERSION = YES;
				CLANG_WARN_COMMA = YES;
				CLANG_WARN_CONSTANT_CONVERSION = YES;
				CLANG_WARN_DEPRECATED_OBJC_IMPLEMENTATIONS = YES;
				CLANG_WARN_DIRECT_OBJC_ISA_USAGE = YES_ERROR;
				CLANG_WARN_DOCUMENTATION_COMMENTS = YES;
				CLANG_WARN_EMPTY_BODY = YES;
				CLANG_WARN_ENUM_CONVERSION = YES;
				CLANG_WARN_INFINITE_RECURSION = YES;
				CLANG_WARN_INT_CONVERSION = YES;
				CLANG_WARN_NON_LITERAL_NULL_CONVERSION = YES;
				CLANG_WARN_OBJC_IMPLICIT_RETAIN_SELF = YES;
				CLANG_WARN_OBJC_LITERAL_CONVERSION = YES;
				CLANG_WARN_OBJC_ROOT_CLASS = YES_ERROR;
				CLANG_WARN_RANGE_LOOP_ANALYSIS = YES;
				CLANG_WARN_STRICT_PROTOTYPES = YES;
				CLANG_WARN_SUSPICIOUS_MOVE = YES;
				CLANG_WARN_UNGUARDED_AVAILABILITY = YES_AGGRESSIVE;
				CLANG_WARN_UNREACHABLE_CODE = YES;
				CLANG_WARN__DUPLICATE_METHOD_MATCH = YES;
				COPY_PHASE_STRIP = NO;
				DEBUG_INFORMATION_FORMAT = dwarf;
				ENABLE_STRICT_OBJC_MSGSEND = YES;
				ENABLE_TESTABILITY = YES;
				GCC_C_LANGUAGE_STANDARD = gnu11;
				GCC_DYNAMIC_NO_PIC = NO;
				GCC_NO_COMMON_BLOCKS = YES;
				GCC_OPTIMIZATION_LEVEL = 0;
				GCC_PREPROCESSOR_DEFINITIONS = (
					"DEBUG=1",
					"$(inherited)",
				);
				GCC_WARN_64_TO_32_BIT_CONVERSION = YES;
				GCC_WARN_ABOUT_RETURN_TYPE = YES_ERROR;
				GCC_WARN_UNDECLARED_SELECTOR = YES;
				GCC_WARN_UNINITIALIZED_AUTOS = YES_AGGRESSIVE;
				GCC_WARN_UNUSED_FUNCTION = YES;
				GCC_WARN_UNUSED_VARIABLE = YES;
				IPHONEOS_DEPLOYMENT_TARGET = 13.1;
				MTL_ENABLE_DEBUG_INFO = INCLUDE_SOURCE;
				MTL_FAST_MATH = YES;
				ONLY_ACTIVE_ARCH = YES;
				SDKROOT = iphoneos;
				SWIFT_ACTIVE_COMPILATION_CONDITIONS = DEBUG;
				SWIFT_OPTIMIZATION_LEVEL = "-Onone";
			};
			name = Debug;
		};
		2A5C283724B5D3A3006FBBD5 /* Release */ = {
			isa = XCBuildConfiguration;
			buildSettings = {
				ALWAYS_SEARCH_USER_PATHS = NO;
				CLANG_ANALYZER_NONNULL = YES;
				CLANG_ANALYZER_NUMBER_OBJECT_CONVERSION = YES_AGGRESSIVE;
				CLANG_CXX_LANGUAGE_STANDARD = "gnu++14";
				CLANG_CXX_LIBRARY = "libc++";
				CLANG_ENABLE_MODULES = YES;
				CLANG_ENABLE_OBJC_ARC = YES;
				CLANG_ENABLE_OBJC_WEAK = YES;
				CLANG_WARN_BLOCK_CAPTURE_AUTORELEASING = YES;
				CLANG_WARN_BOOL_CONVERSION = YES;
				CLANG_WARN_COMMA = YES;
				CLANG_WARN_CONSTANT_CONVERSION = YES;
				CLANG_WARN_DEPRECATED_OBJC_IMPLEMENTATIONS = YES;
				CLANG_WARN_DIRECT_OBJC_ISA_USAGE = YES_ERROR;
				CLANG_WARN_DOCUMENTATION_COMMENTS = YES;
				CLANG_WARN_EMPTY_BODY = YES;
				CLANG_WARN_ENUM_CONVERSION = YES;
				CLANG_WARN_INFINITE_RECURSION = YES;
				CLANG_WARN_INT_CONVERSION = YES;
				CLANG_WARN_NON_LITERAL_NULL_CONVERSION = YES;
				CLANG_WARN_OBJC_IMPLICIT_RETAIN_SELF = YES;
				CLANG_WARN_OBJC_LITERAL_CONVERSION = YES;
				CLANG_WARN_OBJC_ROOT_CLASS = YES_ERROR;
				CLANG_WARN_RANGE_LOOP_ANALYSIS = YES;
				CLANG_WARN_STRICT_PROTOTYPES = YES;
				CLANG_WARN_SUSPICIOUS_MOVE = YES;
				CLANG_WARN_UNGUARDED_AVAILABILITY = YES_AGGRESSIVE;
				CLANG_WARN_UNREACHABLE_CODE = YES;
				CLANG_WARN__DUPLICATE_METHOD_MATCH = YES;
				COPY_PHASE_STRIP = NO;
				DEBUG_INFORMATION_FORMAT = "dwarf-with-dsym";
				ENABLE_NS_ASSERTIONS = NO;
				ENABLE_STRICT_OBJC_MSGSEND = YES;
				GCC_C_LANGUAGE_STANDARD = gnu11;
				GCC_NO_COMMON_BLOCKS = YES;
				GCC_WARN_64_TO_32_BIT_CONVERSION = YES;
				GCC_WARN_ABOUT_RETURN_TYPE = YES_ERROR;
				GCC_WARN_UNDECLARED_SELECTOR = YES;
				GCC_WARN_UNINITIALIZED_AUTOS = YES_AGGRESSIVE;
				GCC_WARN_UNUSED_FUNCTION = YES;
				GCC_WARN_UNUSED_VARIABLE = YES;
				IPHONEOS_DEPLOYMENT_TARGET = 13.1;
				MTL_ENABLE_DEBUG_INFO = NO;
				MTL_FAST_MATH = YES;
				SDKROOT = iphoneos;
				SWIFT_COMPILATION_MODE = wholemodule;
				SWIFT_OPTIMIZATION_LEVEL = "-O";
				VALIDATE_PRODUCT = YES;
			};
			name = Release;
		};
		2A5C283924B5D3A3006FBBD5 /* Debug */ = {
			isa = XCBuildConfiguration;
			buildSettings = {
				ASSETCATALOG_COMPILER_APPICON_NAME = AppIcon;
				CODE_SIGN_STYLE = Automatic;
				DEVELOPMENT_TEAM = MKCXG9MS9M;
				INFOPLIST_FILE = "User Registration(Unit Testing)/Info.plist";
				LD_RUNPATH_SEARCH_PATHS = (
					"$(inherited)",
					"@executable_path/Frameworks",
				);
				PRODUCT_BUNDLE_IDENTIFIER = "com.ict.manna.User-Registration-Unit-Testing-";
				PRODUCT_NAME = "$(TARGET_NAME)";
				SWIFT_VERSION = 5.0;
				TARGETED_DEVICE_FAMILY = "1,2";
			};
			name = Debug;
		};
		2A5C283A24B5D3A3006FBBD5 /* Release */ = {
			isa = XCBuildConfiguration;
			buildSettings = {
				ASSETCATALOG_COMPILER_APPICON_NAME = AppIcon;
				CODE_SIGN_STYLE = Automatic;
				DEVELOPMENT_TEAM = MKCXG9MS9M;
				INFOPLIST_FILE = "User Registration(Unit Testing)/Info.plist";
				LD_RUNPATH_SEARCH_PATHS = (
					"$(inherited)",
					"@executable_path/Frameworks",
				);
				PRODUCT_BUNDLE_IDENTIFIER = "com.ict.manna.User-Registration-Unit-Testing-";
				PRODUCT_NAME = "$(TARGET_NAME)";
				SWIFT_VERSION = 5.0;
				TARGETED_DEVICE_FAMILY = "1,2";
			};
			name = Release;
		};
		2A5C283C24B5D3A3006FBBD5 /* Debug */ = {
			isa = XCBuildConfiguration;
			buildSettings = {
				ALWAYS_EMBED_SWIFT_STANDARD_LIBRARIES = YES;
				BUNDLE_LOADER = "$(TEST_HOST)";
				CODE_SIGN_STYLE = Automatic;
				DEVELOPMENT_TEAM = MKCXG9MS9M;
				INFOPLIST_FILE = "User Registration(Unit Testing)Tests/Info.plist";
				IPHONEOS_DEPLOYMENT_TARGET = 13.1;
				LD_RUNPATH_SEARCH_PATHS = (
					"$(inherited)",
					"@executable_path/Frameworks",
					"@loader_path/Frameworks",
				);
				PRODUCT_BUNDLE_IDENTIFIER = "com.ict.manna.User-Registration-Unit-Testing-Tests";
				PRODUCT_NAME = "$(TARGET_NAME)";
				SWIFT_VERSION = 5.0;
				TARGETED_DEVICE_FAMILY = "1,2";
				TEST_HOST = "$(BUILT_PRODUCTS_DIR)/User Registration(Unit Testing).app/User Registration(Unit Testing)";
			};
			name = Debug;
		};
		2A5C283D24B5D3A3006FBBD5 /* Release */ = {
			isa = XCBuildConfiguration;
			buildSettings = {
				ALWAYS_EMBED_SWIFT_STANDARD_LIBRARIES = YES;
				BUNDLE_LOADER = "$(TEST_HOST)";
				CODE_SIGN_STYLE = Automatic;
				DEVELOPMENT_TEAM = MKCXG9MS9M;
				INFOPLIST_FILE = "User Registration(Unit Testing)Tests/Info.plist";
				IPHONEOS_DEPLOYMENT_TARGET = 13.1;
				LD_RUNPATH_SEARCH_PATHS = (
					"$(inherited)",
					"@executable_path/Frameworks",
					"@loader_path/Frameworks",
				);
				PRODUCT_BUNDLE_IDENTIFIER = "com.ict.manna.User-Registration-Unit-Testing-Tests";
				PRODUCT_NAME = "$(TARGET_NAME)";
				SWIFT_VERSION = 5.0;
				TARGETED_DEVICE_FAMILY = "1,2";
				TEST_HOST = "$(BUILT_PRODUCTS_DIR)/User Registration(Unit Testing).app/User Registration(Unit Testing)";
			};
			name = Release;
		};
/* End XCBuildConfiguration section */

/* Begin XCConfigurationList section */
		2A5C281424B5D39F006FBBD5 /* Build configuration list for PBXProject "User Registration(Unit Testing)" */ = {
			isa = XCConfigurationList;
			buildConfigurations = (
				2A5C283624B5D3A3006FBBD5 /* Debug */,
				2A5C283724B5D3A3006FBBD5 /* Release */,
			);
			defaultConfigurationIsVisible = 0;
			defaultConfigurationName = Release;
		};
		2A5C283824B5D3A3006FBBD5 /* Build configuration list for PBXNativeTarget "User Registration(Unit Testing)" */ = {
			isa = XCConfigurationList;
			buildConfigurations = (
				2A5C283924B5D3A3006FBBD5 /* Debug */,
				2A5C283A24B5D3A3006FBBD5 /* Release */,
			);
			defaultConfigurationIsVisible = 0;
			defaultConfigurationName = Release;
		};
		2A5C283B24B5D3A3006FBBD5 /* Build configuration list for PBXNativeTarget "User Registration(Unit Testing)Tests" */ = {
			isa = XCConfigurationList;
			buildConfigurations = (
				2A5C283C24B5D3A3006FBBD5 /* Debug */,
				2A5C283D24B5D3A3006FBBD5 /* Release */,
			);
			defaultConfigurationIsVisible = 0;
			defaultConfigurationName = Release;
		};
/* End XCConfigurationList section */
	};
	rootObject = 2A5C281124B5D39F006FBBD5 /* Project object */;
}
